
Microsoft Visual Studio Solution File, Format Version 12.00
# Visual Studio Version 17
VisualStudioVersion = 17.13.35828.75
MinimumVisualStudioVersion = 10.0.40219.1
Project("{FAE04EC0-301F-11D3-BF4B-00C04F79EFBC}") = "F1Manager", "F1Manager.csproj", "{36E5B5BE-B8E4-45DE-A5F7-1A72C6244B9F}"
EndProject
Project("{FAE04EC0-301F-11D3-BF4B-00C04F79EFBC}") = "F1Manager.GameEngine", "..\F1Manager.GameEngine\F1Manager.GameEngine.csproj", "{F7292F37-9017-4E19-9069-B753C246631B}"
EndProject
Global
	GlobalSection(SolutionConfigurationPlatforms) = preSolution
		Debug|Any CPU = Debug|Any CPU
		Release|Any CPU = Release|Any CPU
	EndGlobalSection
	GlobalSection(ProjectConfigurationPlatforms) = postSolution
		{36E5B5BE-B8E4-45DE-A5F7-1A72C6244B9F}.Debug|Any CPU.ActiveCfg = Debug|Any CPU
		{36E5B5BE-B8E4-45DE-A5F7-1A72C6244B9F}.Debug|Any CPU.Build.0 = Debug|Any CPU
		{36E5B5BE-B8E4-45DE-A5F7-1A72C6244B9F}.Release|Any CPU.ActiveCfg = Release|Any CPU
		{36E5B5BE-B8E4-45DE-A5F7-1A72C6244B9F}.Release|Any CPU.Build.0 = Release|Any CPU
		{F7292F37-9017-4E19-9069-B753C246631B}.Debug|Any CPU.ActiveCfg = Debug|Any CPU
		{F7292F37-9017-4E19-9069-B753C246631B}.Debug|Any CPU.Build.0 = Debug|Any CPU
		{F7292F37-9017-4E19-9069-B753C246631B}.Release|Any CPU.ActiveCfg = Release|Any CPU
		{F7292F37-9017-4E19-9069-B753C246631B}.Release|Any CPU.Build.0 = Release|Any CPU
	EndGlobalSection
	GlobalSection(SolutionProperties) = preSolution
		HideSolutionNode = FALSE
	EndGlobalSection
	GlobalSection(ExtensibilityGlobals) = postSolution
		SolutionGuid = {0B2F6690-96DE-4D8A-8190-63BBC8D2F692}
	EndGlobalSection
EndGlobal
